
Microsoft Visual Studio Solution File, Format Version 12.00
# Visual Studio Version 16
VisualStudioVersion = 16.0.33529.622
MinimumVisualStudioVersion = 10.0.40219.1
Project("{8BC9CEB8-8B4A-11D0-8D11-00A0C91BC942}") = "ChronoExample", "C++\ChronoExample\ChronoExample.vcxproj", "{56130B59-B658-47E6-BB9D-BABAAF057EA0}"
EndProject
Project("{2150E333-8FDC-42A3-9474-1A3956D46DE8}") = "C++", "C++", "{23A45AEF-75C4-4706-8066-25AF11378490}"
EndProject
Project("{8BC9CEB8-8B4A-11D0-8D11-00A0C91BC942}") = "Test", "C++\Test\Test.vcxproj", "{934C91DC-C028-4F96-93A7-B8A28ED7626D}"
EndProject
Project("{8BC9CEB8-8B4A-11D0-8D11-00A0C91BC942}") = "StructExample", "C++\StructExample\StructExample.vcxproj", "{08EDA720-8D87-4A16-A7B4-5D947C4A0BCD}"
EndProject
Project("{8BC9CEB8-8B4A-11D0-8D11-00A0C91BC942}") = "SentenceSeparator", "C++\SentenceSeparator\SentenceSeparator.vcxproj", "{79A1BBBB-3ACB-41E2-8ED2-D259AFC16514}"
EndProject
Project("{8BC9CEB8-8B4A-11D0-8D11-00A0C91BC942}") = "Sorts", "C++\Sorts\Sorts.vcxproj", "{A7F0E3E7-30B5-405C-A875-9448074BD988}"
EndProject
Project("{8BC9CEB8-8B4A-11D0-8D11-00A0C91BC942}") = "AVLTree", "C++\AVLTree\AVLTree.vcxproj", "{B0B59D40-D4C2-49AC-9245-1806A627C88B}"
EndProject
Global
	GlobalSection(SolutionConfigurationPlatforms) = preSolution
		Debug|x64 = Debug|x64
		Debug|x86 = Debug|x86
		Release|x64 = Release|x64
		Release|x86 = Release|x86
	EndGlobalSection
	GlobalSection(ProjectConfigurationPlatforms) = postSolution
		{56130B59-B658-47E6-BB9D-BABAAF057EA0}.Debug|x64.ActiveCfg = Debug|x64
		{56130B59-B658-47E6-BB9D-BABAAF057EA0}.Debug|x64.Build.0 = Debug|x64
		{56130B59-B658-47E6-BB9D-BABAAF057EA0}.Debug|x86.ActiveCfg = Debug|Win32
		{56130B59-B658-47E6-BB9D-BABAAF057EA0}.Debug|x86.Build.0 = Debug|Win32
		{56130B59-B658-47E6-BB9D-BABAAF057EA0}.Release|x64.ActiveCfg = Release|x64
		{56130B59-B658-47E6-BB9D-BABAAF057EA0}.Release|x64.Build.0 = Release|x64
		{56130B59-B658-47E6-BB9D-BABAAF057EA0}.Release|x86.ActiveCfg = Release|Win32
		{56130B59-B658-47E6-BB9D-BABAAF057EA0}.Release|x86.Build.0 = Release|Win32
		{934C91DC-C028-4F96-93A7-B8A28ED7626D}.Debug|x64.ActiveCfg = Debug|x64
		{934C91DC-C028-4F96-93A7-B8A28ED7626D}.Debug|x64.Build.0 = Debug|x64
		{934C91DC-C028-4F96-93A7-B8A28ED7626D}.Debug|x86.ActiveCfg = Debug|Win32
		{934C91DC-C028-4F96-93A7-B8A28ED7626D}.Debug|x86.Build.0 = Debug|Win32
		{934C91DC-C028-4F96-93A7-B8A28ED7626D}.Release|x64.ActiveCfg = Release|x64
		{934C91DC-C028-4F96-93A7-B8A28ED7626D}.Release|x64.Build.0 = Release|x64
		{934C91DC-C028-4F96-93A7-B8A28ED7626D}.Release|x86.ActiveCfg = Release|Win32
		{934C91DC-C028-4F96-93A7-B8A28ED7626D}.Release|x86.Build.0 = Release|Win32
		{08EDA720-8D87-4A16-A7B4-5D947C4A0BCD}.Debug|x64.ActiveCfg = Debug|x64
		{08EDA720-8D87-4A16-A7B4-5D947C4A0BCD}.Debug|x64.Build.0 = Debug|x64
		{08EDA720-8D87-4A16-A7B4-5D947C4A0BCD}.Debug|x86.ActiveCfg = Debug|Win32
		{08EDA720-8D87-4A16-A7B4-5D947C4A0BCD}.Debug|x86.Build.0 = Debug|Win32
		{08EDA720-8D87-4A16-A7B4-5D947C4A0BCD}.Release|x64.ActiveCfg = Release|x64
		{08EDA720-8D87-4A16-A7B4-5D947C4A0BCD}.Release|x64.Build.0 = Release|x64
		{08EDA720-8D87-4A16-A7B4-5D947C4A0BCD}.Release|x86.ActiveCfg = Release|Win32
		{08EDA720-8D87-4A16-A7B4-5D947C4A0BCD}.Release|x86.Build.0 = Release|Win32
		{79A1BBBB-3ACB-41E2-8ED2-D259AFC16514}.Debug|x64.ActiveCfg = Debug|x64
		{79A1BBBB-3ACB-41E2-8ED2-D259AFC16514}.Debug|x64.Build.0 = Debug|x64
		{79A1BBBB-3ACB-41E2-8ED2-D259AFC16514}.Debug|x86.ActiveCfg = Debug|Win32
		{79A1BBBB-3ACB-41E2-8ED2-D259AFC16514}.Debug|x86.Build.0 = Debug|Win32
		{79A1BBBB-3ACB-41E2-8ED2-D259AFC16514}.Release|x64.ActiveCfg = Release|x64
		{79A1BBBB-3ACB-41E2-8ED2-D259AFC16514}.Release|x64.Build.0 = Release|x64
		{79A1BBBB-3ACB-41E2-8ED2-D259AFC16514}.Release|x86.ActiveCfg = Release|Win32
		{79A1BBBB-3ACB-41E2-8ED2-D259AFC16514}.Release|x86.Build.0 = Release|Win32
		{A7F0E3E7-30B5-405C-A875-9448074BD988}.Debug|x64.ActiveCfg = Debug|x64
		{A7F0E3E7-30B5-405C-A875-9448074BD988}.Debug|x64.Build.0 = Debug|x64
		{A7F0E3E7-30B5-405C-A875-9448074BD988}.Debug|x86.ActiveCfg = Debug|Win32
		{A7F0E3E7-30B5-405C-A875-9448074BD988}.Debug|x86.Build.0 = Debug|Win32
		{A7F0E3E7-30B5-405C-A875-9448074BD988}.Release|x64.ActiveCfg = Release|x64
		{A7F0E3E7-30B5-405C-A875-9448074BD988}.Release|x64.Build.0 = Release|x64
		{A7F0E3E7-30B5-405C-A875-9448074BD988}.Release|x86.ActiveCfg = Release|Win32
		{A7F0E3E7-30B5-405C-A875-9448074BD988}.Release|x86.Build.0 = Release|Win32
		{B0B59D40-D4C2-49AC-9245-1806A627C88B}.Debug|x64.ActiveCfg = Debug|x64
		{B0B59D40-D4C2-49AC-9245-1806A627C88B}.Debug|x64.Build.0 = Debug|x64
		{B0B59D40-D4C2-49AC-9245-1806A627C88B}.Debug|x86.ActiveCfg = Debug|Win32
		{B0B59D40-D4C2-49AC-9245-1806A627C88B}.Debug|x86.Build.0 = Debug|Win32
		{B0B59D40-D4C2-49AC-9245-1806A627C88B}.Release|x64.ActiveCfg = Release|x64
		{B0B59D40-D4C2-49AC-9245-1806A627C88B}.Release|x64.Build.0 = Release|x64
		{B0B59D40-D4C2-49AC-9245-1806A627C88B}.Release|x86.ActiveCfg = Release|Win32
		{B0B59D40-D4C2-49AC-9245-1806A627C88B}.Release|x86.Build.0 = Release|Win32
	EndGlobalSection
	GlobalSection(SolutionProperties) = preSolution
		HideSolutionNode = FALSE
	EndGlobalSection
	GlobalSection(NestedProjects) = preSolution
		{56130B59-B658-47E6-BB9D-BABAAF057EA0} = {23A45AEF-75C4-4706-8066-25AF11378490}
		{934C91DC-C028-4F96-93A7-B8A28ED7626D} = {23A45AEF-75C4-4706-8066-25AF11378490}
		{08EDA720-8D87-4A16-A7B4-5D947C4A0BCD} = {23A45AEF-75C4-4706-8066-25AF11378490}
		{79A1BBBB-3ACB-41E2-8ED2-D259AFC16514} = {23A45AEF-75C4-4706-8066-25AF11378490}
		{A7F0E3E7-30B5-405C-A875-9448074BD988} = {23A45AEF-75C4-4706-8066-25AF11378490}
		{B0B59D40-D4C2-49AC-9245-1806A627C88B} = {23A45AEF-75C4-4706-8066-25AF11378490}
	EndGlobalSection
	GlobalSection(ExtensibilityGlobals) = postSolution
		SolutionGuid = {8842E65C-D23B-413A-BE9C-55E7AF7C09C6}
	EndGlobalSection
EndGlobal
